
Microsoft Visual Studio Solution File, Format Version 12.00
# Visual Studio Version 17
VisualStudioVersion = 17.0.32014.148
MinimumVisualStudioVersion = 10.0.40219.1
Project("{FAE04EC0-301F-11D3-BF4B-00C04F79EFBC}") = "DirectoryOfWorkers", "Dz7\DirectoryOfWorkers\DirectoryOfWorkers.csproj", "{3CF5F138-4FFC-4171-B26B-C9ADB2A65E22}"
EndProject
Project("{2150E333-8FDC-42A3-9474-1A3956D46DE8}") = "Dz7", "Dz7", "{B2C8D10D-CD71-4AE8-B653-08E3C1156292}"
EndProject
Project("{2150E333-8FDC-42A3-9474-1A3956D46DE8}") = "Dz8", "Dz8", "{7A379FB5-5793-4854-B908-AB1E36190140}"
EndProject
Project("{FAE04EC0-301F-11D3-BF4B-00C04F79EFBC}") = "List", "Dz8\List\List.csproj", "{EAF01631-4D69-4A22-8DE4-84B7206C58EC}"
EndProject
Project("{FAE04EC0-301F-11D3-BF4B-00C04F79EFBC}") = "Dictionary", "Dz8\Dictionary\Dictionary.csproj", "{F97FB92F-9300-4785-884E-9051D099339E}"
EndProject
Project("{FAE04EC0-301F-11D3-BF4B-00C04F79EFBC}") = "HashSet", "Dz8\HashSet\HashSet.csproj", "{B543E353-2E79-422D-ADD3-4F8DBDAC08BE}"
EndProject
Project("{FAE04EC0-301F-11D3-BF4B-00C04F79EFBC}") = "XML", "Dz8\XML\XML.csproj", "{C8D23CA9-2935-4543-AB16-68F71B0A4F52}"
EndProject
Global
	GlobalSection(SolutionConfigurationPlatforms) = preSolution
		Debug|Any CPU = Debug|Any CPU
		Release|Any CPU = Release|Any CPU
	EndGlobalSection
	GlobalSection(ProjectConfigurationPlatforms) = postSolution
		{3CF5F138-4FFC-4171-B26B-C9ADB2A65E22}.Debug|Any CPU.ActiveCfg = Debug|Any CPU
		{3CF5F138-4FFC-4171-B26B-C9ADB2A65E22}.Debug|Any CPU.Build.0 = Debug|Any CPU
		{3CF5F138-4FFC-4171-B26B-C9ADB2A65E22}.Release|Any CPU.ActiveCfg = Release|Any CPU
		{3CF5F138-4FFC-4171-B26B-C9ADB2A65E22}.Release|Any CPU.Build.0 = Release|Any CPU
		{EAF01631-4D69-4A22-8DE4-84B7206C58EC}.Debug|Any CPU.ActiveCfg = Debug|Any CPU
		{EAF01631-4D69-4A22-8DE4-84B7206C58EC}.Debug|Any CPU.Build.0 = Debug|Any CPU
		{EAF01631-4D69-4A22-8DE4-84B7206C58EC}.Release|Any CPU.ActiveCfg = Release|Any CPU
		{EAF01631-4D69-4A22-8DE4-84B7206C58EC}.Release|Any CPU.Build.0 = Release|Any CPU
		{F97FB92F-9300-4785-884E-9051D099339E}.Debug|Any CPU.ActiveCfg = Debug|Any CPU
		{F97FB92F-9300-4785-884E-9051D099339E}.Debug|Any CPU.Build.0 = Debug|Any CPU
		{F97FB92F-9300-4785-884E-9051D099339E}.Release|Any CPU.ActiveCfg = Release|Any CPU
		{F97FB92F-9300-4785-884E-9051D099339E}.Release|Any CPU.Build.0 = Release|Any CPU
		{B543E353-2E79-422D-ADD3-4F8DBDAC08BE}.Debug|Any CPU.ActiveCfg = Debug|Any CPU
		{B543E353-2E79-422D-ADD3-4F8DBDAC08BE}.Debug|Any CPU.Build.0 = Debug|Any CPU
		{B543E353-2E79-422D-ADD3-4F8DBDAC08BE}.Release|Any CPU.ActiveCfg = Release|Any CPU
		{B543E353-2E79-422D-ADD3-4F8DBDAC08BE}.Release|Any CPU.Build.0 = Release|Any CPU
		{C8D23CA9-2935-4543-AB16-68F71B0A4F52}.Debug|Any CPU.ActiveCfg = Debug|Any CPU
		{C8D23CA9-2935-4543-AB16-68F71B0A4F52}.Debug|Any CPU.Build.0 = Debug|Any CPU
		{C8D23CA9-2935-4543-AB16-68F71B0A4F52}.Release|Any CPU.ActiveCfg = Release|Any CPU
		{C8D23CA9-2935-4543-AB16-68F71B0A4F52}.Release|Any CPU.Build.0 = Release|Any CPU
	EndGlobalSection
	GlobalSection(SolutionProperties) = preSolution
		HideSolutionNode = FALSE
	EndGlobalSection
	GlobalSection(NestedProjects) = preSolution
		{3CF5F138-4FFC-4171-B26B-C9ADB2A65E22} = {B2C8D10D-CD71-4AE8-B653-08E3C1156292}
		{EAF01631-4D69-4A22-8DE4-84B7206C58EC} = {7A379FB5-5793-4854-B908-AB1E36190140}
		{F97FB92F-9300-4785-884E-9051D099339E} = {7A379FB5-5793-4854-B908-AB1E36190140}
		{B543E353-2E79-422D-ADD3-4F8DBDAC08BE} = {7A379FB5-5793-4854-B908-AB1E36190140}
		{C8D23CA9-2935-4543-AB16-68F71B0A4F52} = {7A379FB5-5793-4854-B908-AB1E36190140}
	EndGlobalSection
	GlobalSection(ExtensibilityGlobals) = postSolution
		SolutionGuid = {A0C88B9D-E4EC-436C-97B7-575D77CDE33A}
	EndGlobalSection
EndGlobal
